
Microsoft Visual Studio Solution File, Format Version 12.00
# Visual Studio 15
VisualStudioVersion = 15.0.27004.2008
MinimumVisualStudioVersion = 10.0.40219.1
Project("{2150E333-8FDC-42A3-9474-1A3956D46DE8}") = "Libraries", "Libraries", "{57D9879A-FC9F-468C-B86F-BE45A1472F88}"
EndProject
Project("{2150E333-8FDC-42A3-9474-1A3956D46DE8}") = "Tests", "Tests", "{840D4038-9AB8-4750-9FFE-365386CE47E2}"
EndProject
Project("{9A19103F-16F7-4668-BE54-9A1E7A4F7556}") = "GaryPretty.Bot.Builder.Extensions.Middleware.Tests", "tests\GaryPretty.Bot.Builder.Extensions.Middleware.Tests\GaryPretty.Bot.Builder.Extensions.Middleware.Tests.csproj", "{4B88CD87-DA23-48AE-AD06-AFEFCEFEC37C}"
EndProject
Project("{9A19103F-16F7-4668-BE54-9A1E7A4F7556}") = "GaryPretty.Bot.Builder.Extensions.Middleware.BestMatch", "libraries\GaryPretty.Bot.Builder.Extensions.Middleware.BestMatch\GaryPretty.Bot.Builder.Extensions.Middleware.BestMatch.csproj", "{5314B219-C110-48D3-B389-65F2C1E86FC8}"
EndProject
Project("{9A19103F-16F7-4668-BE54-9A1E7A4F7556}") = "GaryPretty.Bot.Builder.Extensions.Middleware.HandleActivityType", "libraries\GaryPretty.Bot.Builder.Extensions.Middleware.HandleActivityType\GaryPretty.Bot.Builder.Extensions.Middleware.HandleActivityType.csproj", "{117912F9-0CAF-40F1-82B7-35A68F6935D8}"
EndProject
Global
	GlobalSection(SolutionConfigurationPlatforms) = preSolution
		Debug|Any CPU = Debug|Any CPU
		Release|Any CPU = Release|Any CPU
	EndGlobalSection
	GlobalSection(ProjectConfigurationPlatforms) = postSolution
		{4B88CD87-DA23-48AE-AD06-AFEFCEFEC37C}.Debug|Any CPU.ActiveCfg = Debug|Any CPU
		{4B88CD87-DA23-48AE-AD06-AFEFCEFEC37C}.Debug|Any CPU.Build.0 = Debug|Any CPU
		{4B88CD87-DA23-48AE-AD06-AFEFCEFEC37C}.Release|Any CPU.ActiveCfg = Release|Any CPU
		{4B88CD87-DA23-48AE-AD06-AFEFCEFEC37C}.Release|Any CPU.Build.0 = Release|Any CPU
		{5314B219-C110-48D3-B389-65F2C1E86FC8}.Debug|Any CPU.ActiveCfg = Debug|Any CPU
		{5314B219-C110-48D3-B389-65F2C1E86FC8}.Debug|Any CPU.Build.0 = Debug|Any CPU
		{5314B219-C110-48D3-B389-65F2C1E86FC8}.Release|Any CPU.ActiveCfg = Release|Any CPU
		{5314B219-C110-48D3-B389-65F2C1E86FC8}.Release|Any CPU.Build.0 = Release|Any CPU
		{117912F9-0CAF-40F1-82B7-35A68F6935D8}.Debug|Any CPU.ActiveCfg = Debug|Any CPU
		{117912F9-0CAF-40F1-82B7-35A68F6935D8}.Debug|Any CPU.Build.0 = Debug|Any CPU
		{117912F9-0CAF-40F1-82B7-35A68F6935D8}.Release|Any CPU.ActiveCfg = Release|Any CPU
		{117912F9-0CAF-40F1-82B7-35A68F6935D8}.Release|Any CPU.Build.0 = Release|Any CPU
	EndGlobalSection
	GlobalSection(SolutionProperties) = preSolution
		HideSolutionNode = FALSE
	EndGlobalSection
	GlobalSection(NestedProjects) = preSolution
		{4B88CD87-DA23-48AE-AD06-AFEFCEFEC37C} = {840D4038-9AB8-4750-9FFE-365386CE47E2}
		{5314B219-C110-48D3-B389-65F2C1E86FC8} = {57D9879A-FC9F-468C-B86F-BE45A1472F88}
		{117912F9-0CAF-40F1-82B7-35A68F6935D8} = {57D9879A-FC9F-468C-B86F-BE45A1472F88}
	EndGlobalSection
	GlobalSection(ExtensibilityGlobals) = postSolution
		SolutionGuid = {9FE3B75E-BA2B-45BC-BBF0-DDA8BA10C4F0}
	EndGlobalSection
EndGlobal
